
Microsoft Visual Studio Solution File, Format Version 12.00
# Visual Studio Version 17
VisualStudioVersion = 17.14.36212.18
MinimumVisualStudioVersion = 10.0.40219.1
Project("{2150E333-8FDC-42A3-9474-1A3956D46DE8}") = "ScreenSound01", "ScreenSound01", "{02EA681E-C7D8-13C7-8484-4AC65E1B71E8}"
EndProject
Project("{2150E333-8FDC-42A3-9474-1A3956D46DE8}") = "ScreenSound02", "ScreenSound02", "{D273AAFC-634F-4545-9A21-6CCF98D7E5CA}"
EndProject
Project("{2150E333-8FDC-42A3-9474-1A3956D46DE8}") = "ContaBancaria", "ContaBancaria", "{401C5A9C-1AAA-402E-B827-951EC6F0188E}"
EndProject
Project("{FAE04EC0-301F-11D3-BF4B-00C04F79EFBC}") = "ContaBancaria", "ContaBancaria\ContaBancaria.csproj", "{02F0270E-A300-4E72-9420-1165A78F05D7}"
EndProject
Project("{2150E333-8FDC-42A3-9474-1A3956D46DE8}") = "MetodosCarros", "MetodosCarros", "{D8784464-83CF-4EEB-907F-ADA5710CB8ED}"
EndProject
Project("{FAE04EC0-301F-11D3-BF4B-00C04F79EFBC}") = "MetodosCarros", "MetodosCarros\MetodosCarros.csproj", "{0A3B8834-A798-4DBE-817D-B2B9828E58AC}"
EndProject
Project("{2150E333-8FDC-42A3-9474-1A3956D46DE8}") = "ScreenSound03", "ScreenSound03", "{380A7511-A354-6D7A-0CC0-8FA1F1BA7B6C}"
EndProject
Project("{2150E333-8FDC-42A3-9474-1A3956D46DE8}") = "ScreenSound04", "ScreenSound04", "{684D704E-0416-4D4F-902F-0CEA876D0C92}"
EndProject
Project("{FAE04EC0-301F-11D3-BF4B-00C04F79EFBC}") = "ScreenSound04", "ScreenSound04\ScreenSound04.csproj", "{BDFA430F-1D2D-4E5A-4B4E-54EE4F9E480C}"
EndProject
Project("{2150E333-8FDC-42A3-9474-1A3956D46DE8}") = "EndpointFilme", "EndpointFilme", "{3E945E88-80F7-4B29-A862-26B0977C3703}"
EndProject
Project("{FAE04EC0-301F-11D3-BF4B-00C04F79EFBC}") = "EndpointFilme", "EndpointFilme\EndpointFilme.csproj", "{C5291D3A-7BB7-48EB-8474-C26B8F562DB8}"
EndProject
Project("{2150E333-8FDC-42A3-9474-1A3956D46DE8}") = "EndpointPais", "EndpointPais", "{3BDBE678-C20E-48D9-BCD4-03C5F64365D3}"
EndProject
Project("{FAE04EC0-301F-11D3-BF4B-00C04F79EFBC}") = "EndpointPais", "EndpointPais\EndpointPais.csproj", "{774F1812-4D68-4C34-9A76-C3CC92AEB83A}"
EndProject
Project("{2150E333-8FDC-42A3-9474-1A3956D46DE8}") = "EndpointCarro", "EndpointCarro", "{14D2F83B-BE38-4BFC-8793-0820D32718AE}"
EndProject
Project("{FAE04EC0-301F-11D3-BF4B-00C04F79EFBC}") = "EndpointCarro", "EndpointCarro\EndpointCarro.csproj", "{2640C16D-66F0-4C19-A62E-B1B20F522C14}"
EndProject
Project("{2150E333-8FDC-42A3-9474-1A3956D46DE8}") = "EndpointLivro", "EndpointLivro", "{1BF91472-18D6-487B-BEAE-8FEE36313B5A}"
EndProject
Project("{FAE04EC0-301F-11D3-BF4B-00C04F79EFBC}") = "EndpointLivro", "EndpointLivro\EndpointLivro.csproj", "{28AD6C1F-D655-4250-BEAE-3013ECAB7A25}"
EndProject
Project("{2150E333-8FDC-42A3-9474-1A3956D46DE8}") = "ScreenSound05", "ScreenSound05", "{4105F886-47B7-40A5-945E-3F8F6CAFA15B}"
EndProject
Project("{FAE04EC0-301F-11D3-BF4B-00C04F79EFBC}") = "ScreenSound05", "ScreenSound05\ScreenSound\ScreenSound05.csproj", "{76C01C4E-7F09-B276-67BC-74C525FE28E9}"
EndProject
Project("{FAE04EC0-301F-11D3-BF4B-00C04F79EFBC}") = "ScreenSound", "ScreenSound01\ScreenSound.csproj", "{770C8519-6668-1376-526B-748B98C63CB2}"
EndProject
Project("{FAE04EC0-301F-11D3-BF4B-00C04F79EFBC}") = "ScreenSound", "ScreenSound02\ScreenSound.csproj", "{662D82B0-A10F-D144-95D7-4CF5E36A4322}"
EndProject
Project("{FAE04EC0-301F-11D3-BF4B-00C04F79EFBC}") = "ScreenSound", "ScreenSound03\ScreenSound\ScreenSound.csproj", "{D9F4B766-1EBD-5728-4D98-90A419824EE5}"
EndProject
Project("{2150E333-8FDC-42A3-9474-1A3956D46DE8}") = "ScreenSound06", "ScreenSound06", "{CC9CBB2F-18BD-4845-AE96-55DF5A2B74B7}"
EndProject
Project("{FAE04EC0-301F-11D3-BF4B-00C04F79EFBC}") = "ScreenSound", "ScreenSound06\ScreenSound\ScreenSound.csproj", "{9F9C4A83-8A65-A360-DBA6-26038093D9A2}"
EndProject
Project("{FAE04EC0-301F-11D3-BF4B-00C04F79EFBC}") = "ScreenSound.API", "ScreenSound.API\ScreenSound.API.csproj", "{D6BD30FE-6292-46DC-99FE-856EE8425CFC}"
EndProject
Project("{FAE04EC0-301F-11D3-BF4B-00C04F79EFBC}") = "ScreenSound.Shared.Modelos", "ScreenSound.Shared.Modelos\ScreenSound.Shared.Modelos.csproj", "{DB261DCA-D34F-4CA4-B5FE-532D83611734}"
EndProject
Project("{FAE04EC0-301F-11D3-BF4B-00C04F79EFBC}") = "ScreenSound.Shared.Dados", "ScreenSound.Shared.Dados\ScreenSound.Shared.Dados.csproj", "{7AE57AB9-F680-40E1-8E02-DAB5854245E2}"
EndProject
Project("{2150E333-8FDC-42A3-9474-1A3956D46DE8}") = "ScreenSound07", "ScreenSound07", "{7132CF5B-6E6A-4DA4-B519-015F56A8BF59}"
EndProject
Project("{FAE04EC0-301F-11D3-BF4B-00C04F79EFBC}") = "ScreenSound.Shared.Modelos", "ScreenSound07\ScreenSound.Shared.Modelos\ScreenSound.Shared.Modelos.csproj", "{2388F440-58B6-C747-84BD-9FFD2C865207}"
EndProject
Project("{FAE04EC0-301F-11D3-BF4B-00C04F79EFBC}") = "ScreenSound.Shared.Dados", "ScreenSound07\ScreenSound.Shared.Dados\ScreenSound.Shared.Dados.csproj", "{77007503-5A5C-7304-1342-E73CC592AE1A}"
EndProject
Project("{FAE04EC0-301F-11D3-BF4B-00C04F79EFBC}") = "ScreenSound.API", "ScreenSound07\ScreenSound.API\ScreenSound.API.csproj", "{0EC945C7-62B7-8479-4749-964C82DA80EB}"
EndProject
Project("{FAE04EC0-301F-11D3-BF4B-00C04F79EFBC}") = "ScreenSound", "ScreenSound07\ScreenSound\ScreenSound.csproj", "{C162C2EC-29AE-B5C7-5FD9-70368C7A2E7C}"
EndProject
Project("{FAE04EC0-301F-11D3-BF4B-00C04F79EFBC}") = "ScreenSound.Web", "ScreenSound.Web\ScreenSound.Web.csproj", "{A1B936F2-A51A-45C3-994A-6ECE0484A33D}"
EndProject
Global
	GlobalSection(SolutionConfigurationPlatforms) = preSolution
		Debug|Any CPU = Debug|Any CPU
		Release|Any CPU = Release|Any CPU
	EndGlobalSection
	GlobalSection(ProjectConfigurationPlatforms) = postSolution
		{02F0270E-A300-4E72-9420-1165A78F05D7}.Debug|Any CPU.ActiveCfg = Debug|Any CPU
		{02F0270E-A300-4E72-9420-1165A78F05D7}.Debug|Any CPU.Build.0 = Debug|Any CPU
		{02F0270E-A300-4E72-9420-1165A78F05D7}.Release|Any CPU.ActiveCfg = Release|Any CPU
		{02F0270E-A300-4E72-9420-1165A78F05D7}.Release|Any CPU.Build.0 = Release|Any CPU
		{0A3B8834-A798-4DBE-817D-B2B9828E58AC}.Debug|Any CPU.ActiveCfg = Debug|Any CPU
		{0A3B8834-A798-4DBE-817D-B2B9828E58AC}.Debug|Any CPU.Build.0 = Debug|Any CPU
		{0A3B8834-A798-4DBE-817D-B2B9828E58AC}.Release|Any CPU.ActiveCfg = Release|Any CPU
		{0A3B8834-A798-4DBE-817D-B2B9828E58AC}.Release|Any CPU.Build.0 = Release|Any CPU
		{BDFA430F-1D2D-4E5A-4B4E-54EE4F9E480C}.Debug|Any CPU.ActiveCfg = Debug|Any CPU
		{BDFA430F-1D2D-4E5A-4B4E-54EE4F9E480C}.Debug|Any CPU.Build.0 = Debug|Any CPU
		{BDFA430F-1D2D-4E5A-4B4E-54EE4F9E480C}.Release|Any CPU.ActiveCfg = Release|Any CPU
		{BDFA430F-1D2D-4E5A-4B4E-54EE4F9E480C}.Release|Any CPU.Build.0 = Release|Any CPU
		{C5291D3A-7BB7-48EB-8474-C26B8F562DB8}.Debug|Any CPU.ActiveCfg = Debug|Any CPU
		{C5291D3A-7BB7-48EB-8474-C26B8F562DB8}.Debug|Any CPU.Build.0 = Debug|Any CPU
		{C5291D3A-7BB7-48EB-8474-C26B8F562DB8}.Release|Any CPU.ActiveCfg = Release|Any CPU
		{C5291D3A-7BB7-48EB-8474-C26B8F562DB8}.Release|Any CPU.Build.0 = Release|Any CPU
		{774F1812-4D68-4C34-9A76-C3CC92AEB83A}.Debug|Any CPU.ActiveCfg = Debug|Any CPU
		{774F1812-4D68-4C34-9A76-C3CC92AEB83A}.Debug|Any CPU.Build.0 = Debug|Any CPU
		{774F1812-4D68-4C34-9A76-C3CC92AEB83A}.Release|Any CPU.ActiveCfg = Release|Any CPU
		{774F1812-4D68-4C34-9A76-C3CC92AEB83A}.Release|Any CPU.Build.0 = Release|Any CPU
		{2640C16D-66F0-4C19-A62E-B1B20F522C14}.Debug|Any CPU.ActiveCfg = Debug|Any CPU
		{2640C16D-66F0-4C19-A62E-B1B20F522C14}.Debug|Any CPU.Build.0 = Debug|Any CPU
		{2640C16D-66F0-4C19-A62E-B1B20F522C14}.Release|Any CPU.ActiveCfg = Release|Any CPU
		{2640C16D-66F0-4C19-A62E-B1B20F522C14}.Release|Any CPU.Build.0 = Release|Any CPU
		{28AD6C1F-D655-4250-BEAE-3013ECAB7A25}.Debug|Any CPU.ActiveCfg = Debug|Any CPU
		{28AD6C1F-D655-4250-BEAE-3013ECAB7A25}.Debug|Any CPU.Build.0 = Debug|Any CPU
		{28AD6C1F-D655-4250-BEAE-3013ECAB7A25}.Release|Any CPU.ActiveCfg = Release|Any CPU
		{28AD6C1F-D655-4250-BEAE-3013ECAB7A25}.Release|Any CPU.Build.0 = Release|Any CPU
		{76C01C4E-7F09-B276-67BC-74C525FE28E9}.Debug|Any CPU.ActiveCfg = Debug|Any CPU
		{76C01C4E-7F09-B276-67BC-74C525FE28E9}.Debug|Any CPU.Build.0 = Debug|Any CPU
		{76C01C4E-7F09-B276-67BC-74C525FE28E9}.Release|Any CPU.ActiveCfg = Release|Any CPU
		{76C01C4E-7F09-B276-67BC-74C525FE28E9}.Release|Any CPU.Build.0 = Release|Any CPU
		{770C8519-6668-1376-526B-748B98C63CB2}.Debug|Any CPU.ActiveCfg = Debug|Any CPU
		{770C8519-6668-1376-526B-748B98C63CB2}.Debug|Any CPU.Build.0 = Debug|Any CPU
		{770C8519-6668-1376-526B-748B98C63CB2}.Release|Any CPU.ActiveCfg = Release|Any CPU
		{770C8519-6668-1376-526B-748B98C63CB2}.Release|Any CPU.Build.0 = Release|Any CPU
		{662D82B0-A10F-D144-95D7-4CF5E36A4322}.Debug|Any CPU.ActiveCfg = Debug|Any CPU
		{662D82B0-A10F-D144-95D7-4CF5E36A4322}.Debug|Any CPU.Build.0 = Debug|Any CPU
		{662D82B0-A10F-D144-95D7-4CF5E36A4322}.Release|Any CPU.ActiveCfg = Release|Any CPU
		{662D82B0-A10F-D144-95D7-4CF5E36A4322}.Release|Any CPU.Build.0 = Release|Any CPU
		{D9F4B766-1EBD-5728-4D98-90A419824EE5}.Debug|Any CPU.ActiveCfg = Debug|Any CPU
		{D9F4B766-1EBD-5728-4D98-90A419824EE5}.Debug|Any CPU.Build.0 = Debug|Any CPU
		{D9F4B766-1EBD-5728-4D98-90A419824EE5}.Release|Any CPU.ActiveCfg = Release|Any CPU
		{D9F4B766-1EBD-5728-4D98-90A419824EE5}.Release|Any CPU.Build.0 = Release|Any CPU
		{9F9C4A83-8A65-A360-DBA6-26038093D9A2}.Debug|Any CPU.ActiveCfg = Debug|Any CPU
		{9F9C4A83-8A65-A360-DBA6-26038093D9A2}.Debug|Any CPU.Build.0 = Debug|Any CPU
		{9F9C4A83-8A65-A360-DBA6-26038093D9A2}.Release|Any CPU.ActiveCfg = Release|Any CPU
		{9F9C4A83-8A65-A360-DBA6-26038093D9A2}.Release|Any CPU.Build.0 = Release|Any CPU
		{D6BD30FE-6292-46DC-99FE-856EE8425CFC}.Debug|Any CPU.ActiveCfg = Debug|Any CPU
		{D6BD30FE-6292-46DC-99FE-856EE8425CFC}.Debug|Any CPU.Build.0 = Debug|Any CPU
		{D6BD30FE-6292-46DC-99FE-856EE8425CFC}.Release|Any CPU.ActiveCfg = Release|Any CPU
		{D6BD30FE-6292-46DC-99FE-856EE8425CFC}.Release|Any CPU.Build.0 = Release|Any CPU
		{DB261DCA-D34F-4CA4-B5FE-532D83611734}.Debug|Any CPU.ActiveCfg = Debug|Any CPU
		{DB261DCA-D34F-4CA4-B5FE-532D83611734}.Debug|Any CPU.Build.0 = Debug|Any CPU
		{DB261DCA-D34F-4CA4-B5FE-532D83611734}.Release|Any CPU.ActiveCfg = Release|Any CPU
		{DB261DCA-D34F-4CA4-B5FE-532D83611734}.Release|Any CPU.Build.0 = Release|Any CPU
		{7AE57AB9-F680-40E1-8E02-DAB5854245E2}.Debug|Any CPU.ActiveCfg = Debug|Any CPU
		{7AE57AB9-F680-40E1-8E02-DAB5854245E2}.Debug|Any CPU.Build.0 = Debug|Any CPU
		{7AE57AB9-F680-40E1-8E02-DAB5854245E2}.Release|Any CPU.ActiveCfg = Release|Any CPU
		{7AE57AB9-F680-40E1-8E02-DAB5854245E2}.Release|Any CPU.Build.0 = Release|Any CPU
		{2388F440-58B6-C747-84BD-9FFD2C865207}.Debug|Any CPU.ActiveCfg = Debug|Any CPU
		{2388F440-58B6-C747-84BD-9FFD2C865207}.Debug|Any CPU.Build.0 = Debug|Any CPU
		{2388F440-58B6-C747-84BD-9FFD2C865207}.Release|Any CPU.ActiveCfg = Release|Any CPU
		{2388F440-58B6-C747-84BD-9FFD2C865207}.Release|Any CPU.Build.0 = Release|Any CPU
		{77007503-5A5C-7304-1342-E73CC592AE1A}.Debug|Any CPU.ActiveCfg = Debug|Any CPU
		{77007503-5A5C-7304-1342-E73CC592AE1A}.Debug|Any CPU.Build.0 = Debug|Any CPU
		{77007503-5A5C-7304-1342-E73CC592AE1A}.Release|Any CPU.ActiveCfg = Release|Any CPU
		{77007503-5A5C-7304-1342-E73CC592AE1A}.Release|Any CPU.Build.0 = Release|Any CPU
		{0EC945C7-62B7-8479-4749-964C82DA80EB}.Debug|Any CPU.ActiveCfg = Debug|Any CPU
		{0EC945C7-62B7-8479-4749-964C82DA80EB}.Debug|Any CPU.Build.0 = Debug|Any CPU
		{0EC945C7-62B7-8479-4749-964C82DA80EB}.Release|Any CPU.ActiveCfg = Release|Any CPU
		{0EC945C7-62B7-8479-4749-964C82DA80EB}.Release|Any CPU.Build.0 = Release|Any CPU
		{C162C2EC-29AE-B5C7-5FD9-70368C7A2E7C}.Debug|Any CPU.ActiveCfg = Debug|Any CPU
		{C162C2EC-29AE-B5C7-5FD9-70368C7A2E7C}.Debug|Any CPU.Build.0 = Debug|Any CPU
		{C162C2EC-29AE-B5C7-5FD9-70368C7A2E7C}.Release|Any CPU.ActiveCfg = Release|Any CPU
		{C162C2EC-29AE-B5C7-5FD9-70368C7A2E7C}.Release|Any CPU.Build.0 = Release|Any CPU
		{A1B936F2-A51A-45C3-994A-6ECE0484A33D}.Debug|Any CPU.ActiveCfg = Debug|Any CPU
		{A1B936F2-A51A-45C3-994A-6ECE0484A33D}.Debug|Any CPU.Build.0 = Debug|Any CPU
		{A1B936F2-A51A-45C3-994A-6ECE0484A33D}.Release|Any CPU.ActiveCfg = Release|Any CPU
		{A1B936F2-A51A-45C3-994A-6ECE0484A33D}.Release|Any CPU.Build.0 = Release|Any CPU
	EndGlobalSection
	GlobalSection(SolutionProperties) = preSolution
		HideSolutionNode = FALSE
	EndGlobalSection
	GlobalSection(NestedProjects) = preSolution
		{02F0270E-A300-4E72-9420-1165A78F05D7} = {401C5A9C-1AAA-402E-B827-951EC6F0188E}
		{0A3B8834-A798-4DBE-817D-B2B9828E58AC} = {D8784464-83CF-4EEB-907F-ADA5710CB8ED}
		{BDFA430F-1D2D-4E5A-4B4E-54EE4F9E480C} = {684D704E-0416-4D4F-902F-0CEA876D0C92}
		{C5291D3A-7BB7-48EB-8474-C26B8F562DB8} = {3E945E88-80F7-4B29-A862-26B0977C3703}
		{774F1812-4D68-4C34-9A76-C3CC92AEB83A} = {3BDBE678-C20E-48D9-BCD4-03C5F64365D3}
		{2640C16D-66F0-4C19-A62E-B1B20F522C14} = {14D2F83B-BE38-4BFC-8793-0820D32718AE}
		{28AD6C1F-D655-4250-BEAE-3013ECAB7A25} = {1BF91472-18D6-487B-BEAE-8FEE36313B5A}
		{76C01C4E-7F09-B276-67BC-74C525FE28E9} = {4105F886-47B7-40A5-945E-3F8F6CAFA15B}
		{770C8519-6668-1376-526B-748B98C63CB2} = {02EA681E-C7D8-13C7-8484-4AC65E1B71E8}
		{662D82B0-A10F-D144-95D7-4CF5E36A4322} = {D273AAFC-634F-4545-9A21-6CCF98D7E5CA}
		{D9F4B766-1EBD-5728-4D98-90A419824EE5} = {380A7511-A354-6D7A-0CC0-8FA1F1BA7B6C}
		{9F9C4A83-8A65-A360-DBA6-26038093D9A2} = {CC9CBB2F-18BD-4845-AE96-55DF5A2B74B7}
		{D6BD30FE-6292-46DC-99FE-856EE8425CFC} = {CC9CBB2F-18BD-4845-AE96-55DF5A2B74B7}
		{DB261DCA-D34F-4CA4-B5FE-532D83611734} = {CC9CBB2F-18BD-4845-AE96-55DF5A2B74B7}
		{7AE57AB9-F680-40E1-8E02-DAB5854245E2} = {CC9CBB2F-18BD-4845-AE96-55DF5A2B74B7}
		{2388F440-58B6-C747-84BD-9FFD2C865207} = {7132CF5B-6E6A-4DA4-B519-015F56A8BF59}
		{77007503-5A5C-7304-1342-E73CC592AE1A} = {7132CF5B-6E6A-4DA4-B519-015F56A8BF59}
		{0EC945C7-62B7-8479-4749-964C82DA80EB} = {7132CF5B-6E6A-4DA4-B519-015F56A8BF59}
		{C162C2EC-29AE-B5C7-5FD9-70368C7A2E7C} = {7132CF5B-6E6A-4DA4-B519-015F56A8BF59}
		{A1B936F2-A51A-45C3-994A-6ECE0484A33D} = {7132CF5B-6E6A-4DA4-B519-015F56A8BF59}
	EndGlobalSection
	GlobalSection(ExtensibilityGlobals) = postSolution
		SolutionGuid = {8D3F9D5F-1077-41B4-822B-3095158D9386}
	EndGlobalSection
EndGlobal
